
Microsoft Visual Studio Solution File, Format Version 12.00
# Visual Studio Version 16
VisualStudioVersion = 16.0.30406.217
MinimumVisualStudioVersion = 10.0.40219.1
Project("{FAE04EC0-301F-11D3-BF4B-00C04F79EFBC}") = "Game2", "Game2\Game2.csproj", "{D64DFB81-0D96-490D-82B7-3D0186FB6F8A}"
EndProject
Global
	GlobalSection(SolutionConfigurationPlatforms) = preSolution
		Debug|Any CPU = Debug|Any CPU
		Release|Any CPU = Release|Any CPU
	EndGlobalSection
	GlobalSection(ProjectConfigurationPlatforms) = postSolution
		{D64DFB81-0D96-490D-82B7-3D0186FB6F8A}.Debug|Any CPU.ActiveCfg = Debug|Any CPU
		{D64DFB81-0D96-490D-82B7-3D0186FB6F8A}.Debug|Any CPU.Build.0 = Debug|Any CPU
		{D64DFB81-0D96-490D-82B7-3D0186FB6F8A}.Release|Any CPU.ActiveCfg = Release|Any CPU
		{D64DFB81-0D96-490D-82B7-3D0186FB6F8A}.Release|Any CPU.Build.0 = Release|Any CPU
	EndGlobalSection
	GlobalSection(SolutionProperties) = preSolution
		HideSolutionNode = FALSE
	EndGlobalSection
	GlobalSection(ExtensibilityGlobals) = postSolution
		SolutionGuid = {51B6C54C-9B6A-44AB-A06C-DA999C44D403}
	EndGlobalSection
EndGlobal
